
Microsoft Visual Studio Solution File, Format Version 12.00
# Visual Studio Version 17
VisualStudioVersion = 17.14.36301.6 d17.14
MinimumVisualStudioVersion = 10.0.40219.1
Project("{FAE04EC0-301F-11D3-BF4B-00C04F79EFBC}") = "SignalR", "SignalR\SignalR.csproj", "{C0DD498C-B3BF-4EEE-A70A-9A9D77E54187}"
EndProject
Global
	GlobalSection(SolutionConfigurationPlatforms) = preSolution
		Debug|Any CPU = Debug|Any CPU
		Release|Any CPU = Release|Any CPU
	EndGlobalSection
	GlobalSection(ProjectConfigurationPlatforms) = postSolution
		{C0DD498C-B3BF-4EEE-A70A-9A9D77E54187}.Debug|Any CPU.ActiveCfg = Debug|Any CPU
		{C0DD498C-B3BF-4EEE-A70A-9A9D77E54187}.Debug|Any CPU.Build.0 = Debug|Any CPU
		{C0DD498C-B3BF-4EEE-A70A-9A9D77E54187}.Release|Any CPU.ActiveCfg = Release|Any CPU
		{C0DD498C-B3BF-4EEE-A70A-9A9D77E54187}.Release|Any CPU.Build.0 = Release|Any CPU
	EndGlobalSection
	GlobalSection(SolutionProperties) = preSolution
		HideSolutionNode = FALSE
	EndGlobalSection
	GlobalSection(ExtensibilityGlobals) = postSolution
		SolutionGuid = {DE74AA4F-F88A-4560-9828-9F6E845A8B87}
	EndGlobalSection
EndGlobal
